
Microsoft Visual Studio Solution File, Format Version 12.00
# Visual Studio Version 17
VisualStudioVersion = 17.0.31903.59
MinimumVisualStudioVersion = 10.0.40219.1
Project("{2150E333-8FDC-42A3-9474-1A3956D46DE8}") = "src", "src", "{827E0CD3-B72D-47B6-A68D-7590B98EB39B}"
EndProject
Project("{FAE04EC0-301F-11D3-BF4B-00C04F79EFBC}") = "AgentBattle.Domain", "src\AgentBattle.Domain\AgentBattle.Domain.csproj", "{FB39FC6F-B8E3-4999-A817-49AD5A46A6B2}"
EndProject
Project("{2150E333-8FDC-42A3-9474-1A3956D46DE8}") = "tests", "tests", "{0AB3BF05-4346-4AA6-1389-037BE0695223}"
EndProject
Project("{FAE04EC0-301F-11D3-BF4B-00C04F79EFBC}") = "AgentBattle.Domain.Tests", "tests\AgentBattle.Domain.Tests\AgentBattle.Domain.Tests.csproj", "{BE9BD678-B5BC-467C-A05F-F96A8C538AE3}"
EndProject
Project("{FAE04EC0-301F-11D3-BF4B-00C04F79EFBC}") = "AgentBattle.Poker.Mcp", "src\AgentBattle.Poker.Mcp\AgentBattle.Poker.Mcp.csproj", "{EFBC42DC-DD95-4F86-A2DA-1BF2307EB163}"
EndProject
Project("{FAE04EC0-301F-11D3-BF4B-00C04F79EFBC}") = "AgentBattle.Poker.Mcp.Tests", "tests\AgentBattle.Poker.Mcp.Tests\AgentBattle.Poker.Mcp.Tests.csproj", "{57B85511-6368-4AA6-A36B-08E532D4EDEE}"
EndProject
Global
	GlobalSection(SolutionConfigurationPlatforms) = preSolution
		Debug|Any CPU = Debug|Any CPU
		Debug|x64 = Debug|x64
		Debug|x86 = Debug|x86
		Release|Any CPU = Release|Any CPU
		Release|x64 = Release|x64
		Release|x86 = Release|x86
	EndGlobalSection
	GlobalSection(ProjectConfigurationPlatforms) = postSolution
		{FB39FC6F-B8E3-4999-A817-49AD5A46A6B2}.Debug|Any CPU.ActiveCfg = Debug|Any CPU
		{FB39FC6F-B8E3-4999-A817-49AD5A46A6B2}.Debug|Any CPU.Build.0 = Debug|Any CPU
		{FB39FC6F-B8E3-4999-A817-49AD5A46A6B2}.Debug|x64.ActiveCfg = Debug|Any CPU
		{FB39FC6F-B8E3-4999-A817-49AD5A46A6B2}.Debug|x64.Build.0 = Debug|Any CPU
		{FB39FC6F-B8E3-4999-A817-49AD5A46A6B2}.Debug|x86.ActiveCfg = Debug|Any CPU
		{FB39FC6F-B8E3-4999-A817-49AD5A46A6B2}.Debug|x86.Build.0 = Debug|Any CPU
		{FB39FC6F-B8E3-4999-A817-49AD5A46A6B2}.Release|Any CPU.ActiveCfg = Release|Any CPU
		{FB39FC6F-B8E3-4999-A817-49AD5A46A6B2}.Release|Any CPU.Build.0 = Release|Any CPU
		{FB39FC6F-B8E3-4999-A817-49AD5A46A6B2}.Release|x64.ActiveCfg = Release|Any CPU
		{FB39FC6F-B8E3-4999-A817-49AD5A46A6B2}.Release|x64.Build.0 = Release|Any CPU
		{FB39FC6F-B8E3-4999-A817-49AD5A46A6B2}.Release|x86.ActiveCfg = Release|Any CPU
		{FB39FC6F-B8E3-4999-A817-49AD5A46A6B2}.Release|x86.Build.0 = Release|Any CPU
		{BE9BD678-B5BC-467C-A05F-F96A8C538AE3}.Debug|Any CPU.ActiveCfg = Debug|Any CPU
		{BE9BD678-B5BC-467C-A05F-F96A8C538AE3}.Debug|Any CPU.Build.0 = Debug|Any CPU
		{BE9BD678-B5BC-467C-A05F-F96A8C538AE3}.Debug|x64.ActiveCfg = Debug|Any CPU
		{BE9BD678-B5BC-467C-A05F-F96A8C538AE3}.Debug|x64.Build.0 = Debug|Any CPU
		{BE9BD678-B5BC-467C-A05F-F96A8C538AE3}.Debug|x86.ActiveCfg = Debug|Any CPU
		{BE9BD678-B5BC-467C-A05F-F96A8C538AE3}.Debug|x86.Build.0 = Debug|Any CPU
		{BE9BD678-B5BC-467C-A05F-F96A8C538AE3}.Release|Any CPU.ActiveCfg = Release|Any CPU
		{BE9BD678-B5BC-467C-A05F-F96A8C538AE3}.Release|Any CPU.Build.0 = Release|Any CPU
		{BE9BD678-B5BC-467C-A05F-F96A8C538AE3}.Release|x64.ActiveCfg = Release|Any CPU
		{BE9BD678-B5BC-467C-A05F-F96A8C538AE3}.Release|x64.Build.0 = Release|Any CPU
		{BE9BD678-B5BC-467C-A05F-F96A8C538AE3}.Release|x86.ActiveCfg = Release|Any CPU
		{BE9BD678-B5BC-467C-A05F-F96A8C538AE3}.Release|x86.Build.0 = Release|Any CPU
		{EFBC42DC-DD95-4F86-A2DA-1BF2307EB163}.Debug|Any CPU.ActiveCfg = Debug|Any CPU
		{EFBC42DC-DD95-4F86-A2DA-1BF2307EB163}.Debug|Any CPU.Build.0 = Debug|Any CPU
		{EFBC42DC-DD95-4F86-A2DA-1BF2307EB163}.Debug|x64.ActiveCfg = Debug|Any CPU
		{EFBC42DC-DD95-4F86-A2DA-1BF2307EB163}.Debug|x64.Build.0 = Debug|Any CPU
		{EFBC42DC-DD95-4F86-A2DA-1BF2307EB163}.Debug|x86.ActiveCfg = Debug|Any CPU
		{EFBC42DC-DD95-4F86-A2DA-1BF2307EB163}.Debug|x86.Build.0 = Debug|Any CPU
		{EFBC42DC-DD95-4F86-A2DA-1BF2307EB163}.Release|Any CPU.ActiveCfg = Release|Any CPU
		{EFBC42DC-DD95-4F86-A2DA-1BF2307EB163}.Release|Any CPU.Build.0 = Release|Any CPU
		{EFBC42DC-DD95-4F86-A2DA-1BF2307EB163}.Release|x64.ActiveCfg = Release|Any CPU
		{EFBC42DC-DD95-4F86-A2DA-1BF2307EB163}.Release|x64.Build.0 = Release|Any CPU
		{EFBC42DC-DD95-4F86-A2DA-1BF2307EB163}.Release|x86.ActiveCfg = Release|Any CPU
		{EFBC42DC-DD95-4F86-A2DA-1BF2307EB163}.Release|x86.Build.0 = Release|Any CPU
		{57B85511-6368-4AA6-A36B-08E532D4EDEE}.Debug|Any CPU.ActiveCfg = Debug|Any CPU
		{57B85511-6368-4AA6-A36B-08E532D4EDEE}.Debug|Any CPU.Build.0 = Debug|Any CPU
		{57B85511-6368-4AA6-A36B-08E532D4EDEE}.Debug|x64.ActiveCfg = Debug|Any CPU
		{57B85511-6368-4AA6-A36B-08E532D4EDEE}.Debug|x64.Build.0 = Debug|Any CPU
		{57B85511-6368-4AA6-A36B-08E532D4EDEE}.Debug|x86.ActiveCfg = Debug|Any CPU
		{57B85511-6368-4AA6-A36B-08E532D4EDEE}.Debug|x86.Build.0 = Debug|Any CPU
		{57B85511-6368-4AA6-A36B-08E532D4EDEE}.Release|Any CPU.ActiveCfg = Release|Any CPU
		{57B85511-6368-4AA6-A36B-08E532D4EDEE}.Release|Any CPU.Build.0 = Release|Any CPU
		{57B85511-6368-4AA6-A36B-08E532D4EDEE}.Release|x64.ActiveCfg = Release|Any CPU
		{57B85511-6368-4AA6-A36B-08E532D4EDEE}.Release|x64.Build.0 = Release|Any CPU
		{57B85511-6368-4AA6-A36B-08E532D4EDEE}.Release|x86.ActiveCfg = Release|Any CPU
		{57B85511-6368-4AA6-A36B-08E532D4EDEE}.Release|x86.Build.0 = Release|Any CPU
	EndGlobalSection
	GlobalSection(SolutionProperties) = preSolution
		HideSolutionNode = FALSE
	EndGlobalSection
	GlobalSection(NestedProjects) = preSolution
		{FB39FC6F-B8E3-4999-A817-49AD5A46A6B2} = {827E0CD3-B72D-47B6-A68D-7590B98EB39B}
		{BE9BD678-B5BC-467C-A05F-F96A8C538AE3} = {0AB3BF05-4346-4AA6-1389-037BE0695223}
		{EFBC42DC-DD95-4F86-A2DA-1BF2307EB163} = {827E0CD3-B72D-47B6-A68D-7590B98EB39B}
		{57B85511-6368-4AA6-A36B-08E532D4EDEE} = {0AB3BF05-4346-4AA6-1389-037BE0695223}
	EndGlobalSection
EndGlobal
